
Microsoft Visual Studio Solution File, Format Version 12.00
# Visual Studio Version 16
VisualStudioVersion = 16.0.30611.23
MinimumVisualStudioVersion = 10.0.40219.1
Project("{9A19103F-16F7-4668-BE54-9A1E7A4F7556}") = "DataBaseBackupManager", "DataBaseBackupManager\DataBaseBackupManager.csproj", "{0CFAAE96-BEFA-4812-B015-97688E55F722}"
EndProject
Project("{FAE04EC0-301F-11D3-BF4B-00C04F79EFBC}") = "app", "app\app.csproj", "{693606DD-9E36-4650-8E93-B5D9E04503B0}"
EndProject
Global
	GlobalSection(SolutionConfigurationPlatforms) = preSolution
		Debug|Any CPU = Debug|Any CPU
		Release|Any CPU = Release|Any CPU
	EndGlobalSection
	GlobalSection(ProjectConfigurationPlatforms) = postSolution
		{0CFAAE96-BEFA-4812-B015-97688E55F722}.Debug|Any CPU.ActiveCfg = Debug|Any CPU
		{0CFAAE96-BEFA-4812-B015-97688E55F722}.Debug|Any CPU.Build.0 = Debug|Any CPU
		{0CFAAE96-BEFA-4812-B015-97688E55F722}.Release|Any CPU.ActiveCfg = Release|Any CPU
		{0CFAAE96-BEFA-4812-B015-97688E55F722}.Release|Any CPU.Build.0 = Release|Any CPU
		{693606DD-9E36-4650-8E93-B5D9E04503B0}.Debug|Any CPU.ActiveCfg = Debug|Any CPU
		{693606DD-9E36-4650-8E93-B5D9E04503B0}.Debug|Any CPU.Build.0 = Debug|Any CPU
		{693606DD-9E36-4650-8E93-B5D9E04503B0}.Release|Any CPU.ActiveCfg = Release|Any CPU
		{693606DD-9E36-4650-8E93-B5D9E04503B0}.Release|Any CPU.Build.0 = Release|Any CPU
	EndGlobalSection
	GlobalSection(SolutionProperties) = preSolution
		HideSolutionNode = FALSE
	EndGlobalSection
	GlobalSection(ExtensibilityGlobals) = postSolution
		SolutionGuid = {5D596B24-BC92-47BA-B837-B36E01C30191}
	EndGlobalSection
EndGlobal
